
Microsoft Visual Studio Solution File, Format Version 12.00
# Visual Studio Version 16
VisualStudioVersion = 16.0.33529.622
MinimumVisualStudioVersion = 10.0.40219.1
Project("{FAE04EC0-301F-11D3-BF4B-00C04F79EFBC}") = "Models", "Models\Models.csproj", "{82C89438-2198-4F3B-B68E-416456030783}"
EndProject
Global
	GlobalSection(SolutionConfigurationPlatforms) = preSolution
		Debug|Any CPU = Debug|Any CPU
		Release|Any CPU = Release|Any CPU
	EndGlobalSection
	GlobalSection(ProjectConfigurationPlatforms) = postSolution
		{82C89438-2198-4F3B-B68E-416456030783}.Debug|Any CPU.ActiveCfg = Debug|Any CPU
		{82C89438-2198-4F3B-B68E-416456030783}.Debug|Any CPU.Build.0 = Debug|Any CPU
		{82C89438-2198-4F3B-B68E-416456030783}.Release|Any CPU.ActiveCfg = Release|Any CPU
		{82C89438-2198-4F3B-B68E-416456030783}.Release|Any CPU.Build.0 = Release|Any CPU
	EndGlobalSection
	GlobalSection(SolutionProperties) = preSolution
		HideSolutionNode = FALSE
	EndGlobalSection
	GlobalSection(ExtensibilityGlobals) = postSolution
		SolutionGuid = {39783F2F-0210-4F10-A3BE-5B56524B84D0}
	EndGlobalSection
EndGlobal
